{
  "version": 4,
  "terraform_version": "0.14.6",
  "serial": 688,
  "lineage": "a7e58351-2b66-7748-afd8-fc04acef61a0",
  "outputs": {},
  "resources": [
    {
      "mode": "data",
      "type": "aws_availability_zones",
      "name": "available",
      "provider": "provider[\"registry.terraform.io/hashicorp/aws\"]",
      "instances": [
        {
          "schema_version": 0,
          "attributes": {
            "all_availability_zones": null,
            "exclude_names": null,
            "exclude_zone_ids": null,
            "filter": null,
            "group_names": [
              "us-west-2"
            ],
            "id": "us-west-2",
            "names": [
              "us-west-2a",
              "us-west-2b",
              "us-west-2c",
              "us-west-2d"
            ],
            "state": "available",
            "zone_ids": [
              "usw2-az2",
              "usw2-az1",
              "usw2-az3",
              "usw2-az4"
            ]
          },
          "sensitive_attributes": []
        }
      ]
    },
    {
      "mode": "managed",
      "type": "aws_autoscaling_attachment",
      "name": "final-asg-att",
      "provider": "provider[\"registry.terraform.io/hashicorp/aws\"]",
      "instances": [
        {
          "schema_version": 0,
          "attributes": {
            "alb_target_group_arn": null,
            "autoscaling_group_name": "final-asg",
            "elb": "final-elb",
            "id": "final-asg-20210219163134745400000002"
          },
          "sensitive_attributes": [],
          "private": "bnVsbA==",
          "dependencies": [
            "aws_autoscaling_group.final-asg",
            "aws_elb.final-elb",
            "aws_launch_configuration.final-lc",
            "aws_security_group.final-sg",
            "aws_subnet.final-subnet-1",
            "aws_subnet.final-subnet-2",
            "aws_vpc.final-vpc",
            "data.aws_availability_zones.available"
          ]
        }
      ]
    },
    {
      "mode": "managed",
      "type": "aws_autoscaling_group",
      "name": "final-asg",
      "provider": "provider[\"registry.terraform.io/hashicorp/aws\"]",
      "instances": [
        {
          "schema_version": 0,
          "attributes": {
            "arn": "arn:aws:autoscaling:us-west-2:401231370622:autoScalingGroup:90775c0b-9b04-4afa-a327-ecae9362fc87:autoScalingGroupName/final-asg",
            "availability_zones": [
              "us-west-2a",
              "us-west-2b"
            ],
            "capacity_rebalance": false,
            "default_cooldown": 300,
            "desired_capacity": 3,
            "enabled_metrics": [],
            "force_delete": false,
            "health_check_grace_period": 120,
            "health_check_type": "ELB",
            "id": "final-asg",
            "initial_lifecycle_hook": [],
            "instance_refresh": [],
            "launch_configuration": "final-lc-20210219163038918200000001",
            "launch_template": [],
            "load_balancers": [
              "final-elb"
            ],
            "max_instance_lifetime": 0,
            "max_size": 5,
            "metrics_granularity": "1Minute",
            "min_elb_capacity": null,
            "min_size": 3,
            "mixed_instances_policy": [],
            "name": "final-asg",
            "name_prefix": null,
            "placement_group": "",
            "protect_from_scale_in": false,
            "service_linked_role_arn": "arn:aws:iam::401231370622:role/aws-service-role/autoscaling.amazonaws.com/AWSServiceRoleForAutoScaling",
            "suspended_processes": [],
            "tag": [],
            "tags": null,
            "target_group_arns": [],
            "termination_policies": [],
            "timeouts": null,
            "vpc_zone_identifier": [
              "subnet-00e433ad22b947a7c",
              "subnet-01bc6a9657ab4354a"
            ],
            "wait_for_capacity_timeout": "10m",
            "wait_for_elb_capacity": null
          },
          "sensitive_attributes": [],
          "private": "eyJlMmJmYjczMC1lY2FhLTExZTYtOGY4OC0zNDM2M2JjN2M0YzAiOnsiZGVsZXRlIjo2MDAwMDAwMDAwMDB9fQ==",
          "dependencies": [
            "aws_elb.final-elb",
            "aws_launch_configuration.final-lc",
            "aws_security_group.final-sg",
            "aws_subnet.final-subnet-1",
            "aws_subnet.final-subnet-2",
            "aws_vpc.final-vpc",
            "data.aws_availability_zones.available"
          ]
        }
      ]
    },
    {
      "mode": "managed",
      "type": "aws_autoscaling_policy",
      "name": "final-ap",
      "provider": "provider[\"registry.terraform.io/hashicorp/aws\"]",
      "instances": [
        {
          "schema_version": 0,
          "attributes": {
            "adjustment_type": "",
            "arn": "arn:aws:autoscaling:us-west-2:401231370622:scalingPolicy:79f7bb0c-3621-4bb8-8b08-28a8c5a9009a:autoScalingGroupName/final-asg:policyName/final-ap",
            "autoscaling_group_name": "final-asg",
            "cooldown": 0,
            "estimated_instance_warmup": 0,
            "id": "final-ap",
            "metric_aggregation_type": "",
            "min_adjustment_magnitude": null,
            "name": "final-ap",
            "policy_type": "TargetTrackingScaling",
            "scaling_adjustment": 0,
            "step_adjustment": [],
            "target_tracking_configuration": [
              {
                "customized_metric_specification": [],
                "disable_scale_in": false,
                "predefined_metric_specification": [
                  {
                    "predefined_metric_type": "ASGAverageCPUUtilization",
                    "resource_label": ""
                  }
                ],
                "target_value": 60
              }
            ]
          },
          "sensitive_attributes": [],
          "private": "bnVsbA==",
          "dependencies": [
            "aws_autoscaling_group.final-asg",
            "aws_elb.final-elb",
            "aws_launch_configuration.final-lc",
            "aws_security_group.final-sg",
            "aws_subnet.final-subnet-1",
            "aws_subnet.final-subnet-2",
            "aws_vpc.final-vpc",
            "data.aws_availability_zones.available"
          ]
        }
      ]
    },
    {
      "mode": "managed",
      "type": "aws_elb",
      "name": "final-elb",
      "provider": "provider[\"registry.terraform.io/hashicorp/aws\"]",
      "instances": [
        {
          "schema_version": 0,
          "attributes": {
            "access_logs": [],
            "arn": "arn:aws:elasticloadbalancing:us-west-2:401231370622:loadbalancer/final-elb",
            "availability_zones": [
              "us-west-2a",
              "us-west-2b"
            ],
            "connection_draining": true,
            "connection_draining_timeout": 400,
            "cross_zone_load_balancing": true,
            "dns_name": "final-elb-857023601.us-west-2.elb.amazonaws.com",
            "health_check": [
              {
                "healthy_threshold": 10,
                "interval": 120,
                "target": "HTTP:80/check/",
                "timeout": 15,
                "unhealthy_threshold": 10
              }
            ],
            "id": "final-elb",
            "idle_timeout": 60,
            "instances": [
              "i-009e8261df06069b7",
              "i-01061b5a951034179",
              "i-01548e1c2024539c6"
            ],
            "internal": false,
            "listener": [
              {
                "instance_port": 80,
                "instance_protocol": "http",
                "lb_port": 80,
                "lb_protocol": "http",
                "ssl_certificate_id": ""
              }
            ],
            "name": "final-elb",
            "name_prefix": null,
            "security_groups": [
              "sg-00078cb8a6f453aea"
            ],
            "source_security_group": "401231370622/final-sg",
            "source_security_group_id": "sg-00078cb8a6f453aea",
            "subnets": [
              "subnet-00e433ad22b947a7c",
              "subnet-01bc6a9657ab4354a"
            ],
            "tags": {},
            "zone_id": "Z1H1FL5HABSF5"
          },
          "sensitive_attributes": [],
          "private": "bnVsbA==",
          "dependencies": [
            "aws_security_group.final-sg",
            "aws_subnet.final-subnet-1",
            "aws_subnet.final-subnet-2"
          ]
        }
      ]
    },
    {
      "mode": "managed",
      "type": "aws_internet_gateway",
      "name": "final-gw",
      "provider": "provider[\"registry.terraform.io/hashicorp/aws\"]",
      "instances": [
        {
          "schema_version": 0,
          "attributes": {
            "arn": "arn:aws:ec2:us-west-2:401231370622:internet-gateway/igw-0505f82efc85d364d",
            "id": "igw-0505f82efc85d364d",
            "owner_id": "401231370622",
            "tags": {
              "Name": "main"
            },
            "vpc_id": "vpc-0c5b2a350028a0923"
          },
          "sensitive_attributes": [],
          "private": "bnVsbA==",
          "dependencies": [
            "aws_vpc.final-vpc"
          ]
        }
      ]
    },
    {
      "mode": "managed",
      "type": "aws_launch_configuration",
      "name": "final-lc",
      "provider": "provider[\"registry.terraform.io/hashicorp/aws\"]",
      "instances": [
        {
          "schema_version": 0,
          "attributes": {
            "arn": "arn:aws:autoscaling:us-west-2:401231370622:launchConfiguration:d7799504-7fbc-4f24-af75-3f684370bb6f:launchConfigurationName/final-lc-20210219163038918200000001",
            "associate_public_ip_address": true,
            "ebs_block_device": [],
            "ebs_optimized": false,
            "enable_monitoring": true,
            "ephemeral_block_device": [],
            "iam_instance_profile": "",
            "id": "final-lc-20210219163038918200000001",
            "image_id": "ami-07dd19a7900a1f049",
            "instance_type": "t2.micro",
            "key_name": "mx-linux",
            "metadata_options": [],
            "name": "final-lc-20210219163038918200000001",
            "name_prefix": "final-lc-",
            "placement_tenancy": null,
            "root_block_device": [],
            "security_groups": [
              "sg-00078cb8a6f453aea"
            ],
            "spot_price": "",
            "user_data": "661568f30463228651734a7acf6e051a7ce056d7",
            "user_data_base64": null,
            "vpc_classic_link_id": "",
            "vpc_classic_link_security_groups": []
          },
          "sensitive_attributes": [],
          "private": "bnVsbA==",
          "dependencies": [
            "aws_security_group.final-sg",
            "aws_vpc.final-vpc"
          ],
          "create_before_destroy": true
        }
      ]
    },
    {
      "mode": "managed",
      "type": "aws_main_route_table_association",
      "name": "final-mrta",
      "provider": "provider[\"registry.terraform.io/hashicorp/aws\"]",
      "instances": [
        {
          "schema_version": 0,
          "attributes": {
            "id": "rtbassoc-0f34c83eeddb4dd09",
            "original_route_table_id": "rtb-0c76dfadc8c8fc350",
            "route_table_id": "rtb-0d46fdf142af4c840",
            "vpc_id": "vpc-0c5b2a350028a0923"
          },
          "sensitive_attributes": [],
          "private": "bnVsbA==",
          "dependencies": [
            "aws_internet_gateway.final-gw",
            "aws_route_table.final-rt",
            "aws_vpc.final-vpc"
          ]
        }
      ]
    },
    {
      "mode": "managed",
      "type": "aws_route_table",
      "name": "final-rt",
      "provider": "provider[\"registry.terraform.io/hashicorp/aws\"]",
      "instances": [
        {
          "schema_version": 0,
          "attributes": {
            "id": "rtb-0d46fdf142af4c840",
            "owner_id": "401231370622",
            "propagating_vgws": [],
            "route": [
              {
                "cidr_block": "0.0.0.0/0",
                "egress_only_gateway_id": "",
                "gateway_id": "igw-0505f82efc85d364d",
                "instance_id": "",
                "ipv6_cidr_block": "",
                "local_gateway_id": "",
                "nat_gateway_id": "",
                "network_interface_id": "",
                "transit_gateway_id": "",
                "vpc_endpoint_id": "",
                "vpc_peering_connection_id": ""
              }
            ],
            "tags": {},
            "vpc_id": "vpc-0c5b2a350028a0923"
          },
          "sensitive_attributes": [],
          "private": "bnVsbA==",
          "dependencies": [
            "aws_internet_gateway.final-gw",
            "aws_vpc.final-vpc"
          ]
        }
      ]
    },
    {
      "mode": "managed",
      "type": "aws_security_group",
      "name": "final-sg",
      "provider": "provider[\"registry.terraform.io/hashicorp/aws\"]",
      "instances": [
        {
          "schema_version": 1,
          "attributes": {
            "arn": "arn:aws:ec2:us-west-2:401231370622:security-group/sg-00078cb8a6f453aea",
            "description": "Managed by Terraform",
            "egress": [
              {
                "cidr_blocks": [
                  "0.0.0.0/0"
                ],
                "description": "",
                "from_port": 0,
                "ipv6_cidr_blocks": [
                  "::/0"
                ],
                "prefix_list_ids": [],
                "protocol": "-1",
                "security_groups": [],
                "self": false,
                "to_port": 0
              }
            ],
            "id": "sg-00078cb8a6f453aea",
            "ingress": [
              {
                "cidr_blocks": [
                  "0.0.0.0/0"
                ],
                "description": "All",
                "from_port": 0,
                "ipv6_cidr_blocks": [
                  "::/0"
                ],
                "prefix_list_ids": [],
                "protocol": "-1",
                "security_groups": [],
                "self": false,
                "to_port": 0
              }
            ],
            "name": "final-sg",
            "name_prefix": "",
            "owner_id": "401231370622",
            "revoke_rules_on_delete": false,
            "tags": {},
            "timeouts": null,
            "vpc_id": "vpc-0c5b2a350028a0923"
          },
          "sensitive_attributes": [],
          "private": "eyJlMmJmYjczMC1lY2FhLTExZTYtOGY4OC0zNDM2M2JjN2M0YzAiOnsiY3JlYXRlIjo2MDAwMDAwMDAwMDAsImRlbGV0ZSI6NjAwMDAwMDAwMDAwfSwic2NoZW1hX3ZlcnNpb24iOiIxIn0=",
          "dependencies": [
            "aws_vpc.final-vpc"
          ],
          "create_before_destroy": true
        }
      ]
    },
    {
      "mode": "managed",
      "type": "aws_subnet",
      "name": "final-subnet-1",
      "provider": "provider[\"registry.terraform.io/hashicorp/aws\"]",
      "instances": [
        {
          "schema_version": 1,
          "attributes": {
            "arn": "arn:aws:ec2:us-west-2:401231370622:subnet/subnet-01bc6a9657ab4354a",
            "assign_ipv6_address_on_creation": false,
            "availability_zone": "us-west-2a",
            "availability_zone_id": "usw2-az2",
            "cidr_block": "10.0.1.0/24",
            "id": "subnet-01bc6a9657ab4354a",
            "ipv6_cidr_block": "",
            "ipv6_cidr_block_association_id": "",
            "map_public_ip_on_launch": false,
            "outpost_arn": "",
            "owner_id": "401231370622",
            "tags": {
              "Name": "Final-Subnet-1"
            },
            "timeouts": null,
            "vpc_id": "vpc-0c5b2a350028a0923"
          },
          "sensitive_attributes": [],
          "private": "eyJlMmJmYjczMC1lY2FhLTExZTYtOGY4OC0zNDM2M2JjN2M0YzAiOnsiY3JlYXRlIjo2MDAwMDAwMDAwMDAsImRlbGV0ZSI6MTIwMDAwMDAwMDAwMH0sInNjaGVtYV92ZXJzaW9uIjoiMSJ9",
          "dependencies": [
            "aws_vpc.final-vpc",
            "data.aws_availability_zones.available"
          ]
        }
      ]
    },
    {
      "mode": "managed",
      "type": "aws_subnet",
      "name": "final-subnet-2",
      "provider": "provider[\"registry.terraform.io/hashicorp/aws\"]",
      "instances": [
        {
          "schema_version": 1,
          "attributes": {
            "arn": "arn:aws:ec2:us-west-2:401231370622:subnet/subnet-00e433ad22b947a7c",
            "assign_ipv6_address_on_creation": false,
            "availability_zone": "us-west-2b",
            "availability_zone_id": "usw2-az1",
            "cidr_block": "10.0.2.0/24",
            "id": "subnet-00e433ad22b947a7c",
            "ipv6_cidr_block": "",
            "ipv6_cidr_block_association_id": "",
            "map_public_ip_on_launch": false,
            "outpost_arn": "",
            "owner_id": "401231370622",
            "tags": {
              "Name": "Final-Subnet-2"
            },
            "timeouts": null,
            "vpc_id": "vpc-0c5b2a350028a0923"
          },
          "sensitive_attributes": [],
          "private": "eyJlMmJmYjczMC1lY2FhLTExZTYtOGY4OC0zNDM2M2JjN2M0YzAiOnsiY3JlYXRlIjo2MDAwMDAwMDAwMDAsImRlbGV0ZSI6MTIwMDAwMDAwMDAwMH0sInNjaGVtYV92ZXJzaW9uIjoiMSJ9",
          "dependencies": [
            "aws_vpc.final-vpc",
            "data.aws_availability_zones.available"
          ]
        }
      ]
    },
    {
      "mode": "managed",
      "type": "aws_subnet",
      "name": "final-subnet-3",
      "provider": "provider[\"registry.terraform.io/hashicorp/aws\"]",
      "instances": [
        {
          "schema_version": 1,
          "attributes": {
            "arn": "arn:aws:ec2:us-west-2:401231370622:subnet/subnet-01d32b0c27534bb9f",
            "assign_ipv6_address_on_creation": false,
            "availability_zone": "us-west-2c",
            "availability_zone_id": "usw2-az3",
            "cidr_block": "10.0.3.0/24",
            "id": "subnet-01d32b0c27534bb9f",
            "ipv6_cidr_block": "",
            "ipv6_cidr_block_association_id": "",
            "map_public_ip_on_launch": false,
            "outpost_arn": "",
            "owner_id": "401231370622",
            "tags": {
              "Name": "Final-Subnet-3"
            },
            "timeouts": null,
            "vpc_id": "vpc-0c5b2a350028a0923"
          },
          "sensitive_attributes": [],
          "private": "eyJlMmJmYjczMC1lY2FhLTExZTYtOGY4OC0zNDM2M2JjN2M0YzAiOnsiY3JlYXRlIjo2MDAwMDAwMDAwMDAsImRlbGV0ZSI6MTIwMDAwMDAwMDAwMH0sInNjaGVtYV92ZXJzaW9uIjoiMSJ9",
          "dependencies": [
            "aws_vpc.final-vpc",
            "data.aws_availability_zones.available"
          ]
        }
      ]
    },
    {
      "mode": "managed",
      "type": "aws_vpc",
      "name": "final-vpc",
      "provider": "provider[\"registry.terraform.io/hashicorp/aws\"]",
      "instances": [
        {
          "schema_version": 1,
          "attributes": {
            "arn": "arn:aws:ec2:us-west-2:401231370622:vpc/vpc-0c5b2a350028a0923",
            "assign_generated_ipv6_cidr_block": false,
            "cidr_block": "10.0.0.0/16",
            "default_network_acl_id": "acl-078fc961367071943",
            "default_route_table_id": "rtb-0d46fdf142af4c840",
            "default_security_group_id": "sg-0276514775587580e",
            "dhcp_options_id": "dopt-31612149",
            "enable_classiclink": false,
            "enable_classiclink_dns_support": false,
            "enable_dns_hostnames": true,
            "enable_dns_support": true,
            "id": "vpc-0c5b2a350028a0923",
            "instance_tenancy": "default",
            "ipv6_association_id": "",
            "ipv6_cidr_block": "",
            "main_route_table_id": "rtb-0d46fdf142af4c840",
            "owner_id": "401231370622",
            "tags": {
              "Name": "Final-VPC"
            }
          },
          "sensitive_attributes": [],
          "private": "eyJzY2hlbWFfdmVyc2lvbiI6IjEifQ==",
          "create_before_destroy": true
        }
      ]
    }
  ]
}
